
Microsoft Visual Studio Solution File, Format Version 12.00
# Visual Studio Version 17
VisualStudioVersion = 17.0.31903.59
MinimumVisualStudioVersion = 10.0.40219.1
Project("{2150E333-8FDC-42A3-9474-1A3956D46DE8}") = "src", "src", "{1D64B3DB-7DAC-4E25-9266-955A3F2EDF17}"
EndProject
Project("{9A19103F-16F7-4668-BE54-9A1E7A4F7556}") = "AlertHub.Api", "src\AlertHub.Api\AlertHub.Api.csproj", "{4D064897-06DA-4770-B11F-27B9B73867B1}"
EndProject
Project("{9A19103F-16F7-4668-BE54-9A1E7A4F7556}") = "AlertHub.Data", "src\AlertHub.Data\AlertHub.Data.csproj", "{63CF58D9-4B37-4D93-81C7-97CDB8E087A8}"
EndProject
Global
	GlobalSection(SolutionConfigurationPlatforms) = preSolution
		Debug|Any CPU = Debug|Any CPU
		Release|Any CPU = Release|Any CPU
	EndGlobalSection
	GlobalSection(ProjectConfigurationPlatforms) = postSolution
		{4D064897-06DA-4770-B11F-27B9B73867B1}.Debug|Any CPU.ActiveCfg = Debug|Any CPU
		{4D064897-06DA-4770-B11F-27B9B73867B1}.Debug|Any CPU.Build.0 = Debug|Any CPU
		{4D064897-06DA-4770-B11F-27B9B73867B1}.Release|Any CPU.ActiveCfg = Release|Any CPU
		{4D064897-06DA-4770-B11F-27B9B73867B1}.Release|Any CPU.Build.0 = Release|Any CPU
		{63CF58D9-4B37-4D93-81C7-97CDB8E087A8}.Debug|Any CPU.ActiveCfg = Debug|Any CPU
		{63CF58D9-4B37-4D93-81C7-97CDB8E087A8}.Debug|Any CPU.Build.0 = Debug|Any CPU
		{63CF58D9-4B37-4D93-81C7-97CDB8E087A8}.Release|Any CPU.ActiveCfg = Release|Any CPU
		{63CF58D9-4B37-4D93-81C7-97CDB8E087A8}.Release|Any CPU.Build.0 = Release|Any CPU
	EndGlobalSection
	GlobalSection(SolutionProperties) = preSolution
		HideSolutionNode = FALSE
	EndGlobalSection
	GlobalSection(NestedProjects) = preSolution
		{4D064897-06DA-4770-B11F-27B9B73867B1} = {1D64B3DB-7DAC-4E25-9266-955A3F2EDF17}
		{63CF58D9-4B37-4D93-81C7-97CDB8E087A8} = {1D64B3DB-7DAC-4E25-9266-955A3F2EDF17}
	EndGlobalSection
	GlobalSection(ExtensibilityGlobals) = postSolution
		SolutionGuid = {103A635D-4A7D-4B2A-9424-F5DD2E983478}
	EndGlobalSection
EndGlobal
